
Microsoft Visual Studio Solution File, Format Version 12.00
# Visual Studio 14
VisualStudioVersion = 14.0.25123.0
MinimumVisualStudioVersion = 10.0.40219.1
Project("{FAE04EC0-301F-11D3-BF4B-00C04F79EFBC}") = "PipelineML", "PipelineML\PipelineML.csproj", "{F2B635EB-88C9-4B86-BCDC-2D80A4D4751F}"
EndProject
Project("{FAE04EC0-301F-11D3-BF4B-00C04F79EFBC}") = "PipelineMLInterfaces", "PipelineMLInterfaces\PipelineMLInterfaces.csproj", "{4423E3F4-37A8-4532-ABDB-9A62C030F70C}"
EndProject
Global
	GlobalSection(SolutionConfigurationPlatforms) = preSolution
		Debug|Any CPU = Debug|Any CPU
		Release|Any CPU = Release|Any CPU
	EndGlobalSection
	GlobalSection(ProjectConfigurationPlatforms) = postSolution
		{F2B635EB-88C9-4B86-BCDC-2D80A4D4751F}.Debug|Any CPU.ActiveCfg = Debug|Any CPU
		{F2B635EB-88C9-4B86-BCDC-2D80A4D4751F}.Debug|Any CPU.Build.0 = Debug|Any CPU
		{F2B635EB-88C9-4B86-BCDC-2D80A4D4751F}.Release|Any CPU.ActiveCfg = Release|Any CPU
		{F2B635EB-88C9-4B86-BCDC-2D80A4D4751F}.Release|Any CPU.Build.0 = Release|Any CPU
		{4423E3F4-37A8-4532-ABDB-9A62C030F70C}.Debug|Any CPU.ActiveCfg = Debug|Any CPU
		{4423E3F4-37A8-4532-ABDB-9A62C030F70C}.Debug|Any CPU.Build.0 = Debug|Any CPU
		{4423E3F4-37A8-4532-ABDB-9A62C030F70C}.Release|Any CPU.ActiveCfg = Release|Any CPU
		{4423E3F4-37A8-4532-ABDB-9A62C030F70C}.Release|Any CPU.Build.0 = Release|Any CPU
	EndGlobalSection
	GlobalSection(SolutionProperties) = preSolution
		HideSolutionNode = FALSE
	EndGlobalSection
EndGlobal
